
Microsoft Visual Studio Solution File, Format Version 12.00
# Visual Studio Version 17
VisualStudioVersion = 17.2.32630.192
MinimumVisualStudioVersion = 10.0.40219.1
Project("{9A19103F-16F7-4668-BE54-9A1E7A4F7556}") = "calculadoras", "calculadoraIMC\calculadoras.csproj", "{16A1D6D6-AD26-4FB8-95D7-2A5EE761C621}"
EndProject
Global
	GlobalSection(SolutionConfigurationPlatforms) = preSolution
		Debug|Any CPU = Debug|Any CPU
		Release|Any CPU = Release|Any CPU
	EndGlobalSection
	GlobalSection(ProjectConfigurationPlatforms) = postSolution
		{16A1D6D6-AD26-4FB8-95D7-2A5EE761C621}.Debug|Any CPU.ActiveCfg = Debug|Any CPU
		{16A1D6D6-AD26-4FB8-95D7-2A5EE761C621}.Debug|Any CPU.Build.0 = Debug|Any CPU
		{16A1D6D6-AD26-4FB8-95D7-2A5EE761C621}.Release|Any CPU.ActiveCfg = Release|Any CPU
		{16A1D6D6-AD26-4FB8-95D7-2A5EE761C621}.Release|Any CPU.Build.0 = Release|Any CPU
	EndGlobalSection
	GlobalSection(SolutionProperties) = preSolution
		HideSolutionNode = FALSE
	EndGlobalSection
	GlobalSection(ExtensibilityGlobals) = postSolution
		SolutionGuid = {D91469A7-0057-4727-940E-79539A4C0B78}
	EndGlobalSection
EndGlobal
